
Microsoft Visual Studio Solution File, Format Version 12.00
# Visual Studio Version 17
VisualStudioVersion = 17.0.31903.59
MinimumVisualStudioVersion = 10.0.40219.1
Project("{FAE04EC0-301F-11D3-BF4B-00C04F79EFBC}") = "telecom.Api", "telecom.Api\telecom.Api.csproj", "{EAB81FAC-C9AC-4AD9-8D6F-4CA42D6617FA}"
EndProject
Project("{FAE04EC0-301F-11D3-BF4B-00C04F79EFBC}") = "telecom.IoC", "telecom.IoC\telecom.IoC.csproj", "{80A205FE-A730-44D7-B8BB-FF1ECD9792B5}"
EndProject
Project("{FAE04EC0-301F-11D3-BF4B-00C04F79EFBC}") = "telecom.Application", "telecom.Application\telecom.Application.csproj", "{D0E679E9-6C31-4B78-BD0D-E968FE42D347}"
EndProject
Project("{FAE04EC0-301F-11D3-BF4B-00C04F79EFBC}") = "telecom.Infra", "telecom.Infra\telecom.Infra.csproj", "{303C2F95-3CDE-4E80-99C7-243E77057C41}"
EndProject
Project("{FAE04EC0-301F-11D3-BF4B-00C04F79EFBC}") = "telecom.Domain", "telecom.Domain\telecom.Domain.csproj", "{67AE868A-4895-421C-A0BF-9CA46F851DC7}"
EndProject
Global
	GlobalSection(SolutionConfigurationPlatforms) = preSolution
		Debug|Any CPU = Debug|Any CPU
		Release|Any CPU = Release|Any CPU
	EndGlobalSection
	GlobalSection(ProjectConfigurationPlatforms) = postSolution
		{EAB81FAC-C9AC-4AD9-8D6F-4CA42D6617FA}.Debug|Any CPU.ActiveCfg = Debug|Any CPU
		{EAB81FAC-C9AC-4AD9-8D6F-4CA42D6617FA}.Debug|Any CPU.Build.0 = Debug|Any CPU
		{EAB81FAC-C9AC-4AD9-8D6F-4CA42D6617FA}.Release|Any CPU.ActiveCfg = Release|Any CPU
		{EAB81FAC-C9AC-4AD9-8D6F-4CA42D6617FA}.Release|Any CPU.Build.0 = Release|Any CPU
		{80A205FE-A730-44D7-B8BB-FF1ECD9792B5}.Debug|Any CPU.ActiveCfg = Debug|Any CPU
		{80A205FE-A730-44D7-B8BB-FF1ECD9792B5}.Debug|Any CPU.Build.0 = Debug|Any CPU
		{80A205FE-A730-44D7-B8BB-FF1ECD9792B5}.Release|Any CPU.ActiveCfg = Release|Any CPU
		{80A205FE-A730-44D7-B8BB-FF1ECD9792B5}.Release|Any CPU.Build.0 = Release|Any CPU
		{D0E679E9-6C31-4B78-BD0D-E968FE42D347}.Debug|Any CPU.ActiveCfg = Debug|Any CPU
		{D0E679E9-6C31-4B78-BD0D-E968FE42D347}.Debug|Any CPU.Build.0 = Debug|Any CPU
		{D0E679E9-6C31-4B78-BD0D-E968FE42D347}.Release|Any CPU.ActiveCfg = Release|Any CPU
		{D0E679E9-6C31-4B78-BD0D-E968FE42D347}.Release|Any CPU.Build.0 = Release|Any CPU
		{303C2F95-3CDE-4E80-99C7-243E77057C41}.Debug|Any CPU.ActiveCfg = Debug|Any CPU
		{303C2F95-3CDE-4E80-99C7-243E77057C41}.Debug|Any CPU.Build.0 = Debug|Any CPU
		{303C2F95-3CDE-4E80-99C7-243E77057C41}.Release|Any CPU.ActiveCfg = Release|Any CPU
		{303C2F95-3CDE-4E80-99C7-243E77057C41}.Release|Any CPU.Build.0 = Release|Any CPU
		{67AE868A-4895-421C-A0BF-9CA46F851DC7}.Debug|Any CPU.ActiveCfg = Debug|Any CPU
		{67AE868A-4895-421C-A0BF-9CA46F851DC7}.Debug|Any CPU.Build.0 = Debug|Any CPU
		{67AE868A-4895-421C-A0BF-9CA46F851DC7}.Release|Any CPU.ActiveCfg = Release|Any CPU
		{67AE868A-4895-421C-A0BF-9CA46F851DC7}.Release|Any CPU.Build.0 = Release|Any CPU
	EndGlobalSection
	GlobalSection(SolutionProperties) = preSolution
		HideSolutionNode = FALSE
	EndGlobalSection
	GlobalSection(ExtensibilityGlobals) = postSolution
		SolutionGuid = {43BEFD0D-CEA3-49B2-A3A4-9D903E9A4AE2}
	EndGlobalSection
EndGlobal
